
Microsoft Visual Studio Solution File, Format Version 12.00
# Visual Studio Version 17
VisualStudioVersion = 17.4.33205.214
MinimumVisualStudioVersion = 10.0.40219.1
Project("{FAE04EC0-301F-11D3-BF4B-00C04F79EFBC}") = "Sort", "Sort.csproj", "{91BC413F-78BD-4CD4-8DBF-B6AA175E4DB0}"
EndProject
Global
	GlobalSection(SolutionConfigurationPlatforms) = preSolution
		Debug|Any CPU = Debug|Any CPU
		Release|Any CPU = Release|Any CPU
	EndGlobalSection
	GlobalSection(ProjectConfigurationPlatforms) = postSolution
		{91BC413F-78BD-4CD4-8DBF-B6AA175E4DB0}.Debug|Any CPU.ActiveCfg = Debug|Any CPU
		{91BC413F-78BD-4CD4-8DBF-B6AA175E4DB0}.Debug|Any CPU.Build.0 = Debug|Any CPU
		{91BC413F-78BD-4CD4-8DBF-B6AA175E4DB0}.Release|Any CPU.ActiveCfg = Release|Any CPU
		{91BC413F-78BD-4CD4-8DBF-B6AA175E4DB0}.Release|Any CPU.Build.0 = Release|Any CPU
	EndGlobalSection
	GlobalSection(SolutionProperties) = preSolution
		HideSolutionNode = FALSE
	EndGlobalSection
	GlobalSection(ExtensibilityGlobals) = postSolution
		SolutionGuid = {2B8C025E-F347-43BF-AEA9-0BC2F4C2C0E2}
	EndGlobalSection
EndGlobal
